
Microsoft Visual Studio Solution File, Format Version 12.00
# Visual Studio Version 17
VisualStudioVersion = 17.4.32804.182
MinimumVisualStudioVersion = 10.0.40219.1
Project("{9A19103F-16F7-4668-BE54-9A1E7A4F7556}") = "CloudLogin", "CloudLogin\CloudLogin.csproj", "{47D44D52-166D-4F08-867C-DA8F6923ECF3}"
EndProject
Project("{9A19103F-16F7-4668-BE54-9A1E7A4F7556}") = "ServerAppTest", "ServerAppTest\ServerAppTest.csproj", "{15C64DEE-F521-421B-9392-CAE139CC3731}"
EndProject
Project("{9A19103F-16F7-4668-BE54-9A1E7A4F7556}") = "CloudLogin.Server", "CloudLogin.Server\CloudLogin.Server.csproj", "{4C7820DB-2118-4317-9C0B-4C969955B7A1}"
EndProject
Project("{9A19103F-16F7-4668-BE54-9A1E7A4F7556}") = "CloudLogin.Shared", "CloudLogin.Shared\CloudLogin.Shared.csproj", "{E26507D7-7F5B-4BA5-85A4-6260B84B56EE}"
EndProject
Project("{2150E333-8FDC-42A3-9474-1A3956D46DE8}") = "Server Demo", "Server Demo", "{7A8108AE-9E6B-4A75-BA05-713ED6E6240C}"
EndProject
Project("{2150E333-8FDC-42A3-9474-1A3956D46DE8}") = "Server Client Demo", "Server Client Demo", "{B5CFB5FE-E485-49DB-9D85-78843FB0762A}"
EndProject
Project("{9A19103F-16F7-4668-BE54-9A1E7A4F7556}") = "ServerClientDemo.Server", "BlazorApp4\Server\ServerClientDemo.Server.csproj", "{2A81FE53-3E84-4C70-9B37-EF747B5559C0}"
EndProject
Project("{9A19103F-16F7-4668-BE54-9A1E7A4F7556}") = "ServerClientDemo.Client", "BlazorApp4\Client\ServerClientDemo.Client.csproj", "{9C48D24A-D39E-4A3B-A07A-87EFB834D6EC}"
	ProjectSection(ProjectDependencies) = postProject
		{47D44D52-166D-4F08-867C-DA8F6923ECF3} = {47D44D52-166D-4F08-867C-DA8F6923ECF3}
		{E06EE8B5-5252-42F9-B24B-4023FDC9E3E7} = {E06EE8B5-5252-42F9-B24B-4023FDC9E3E7}
	EndProjectSection
EndProject
Project("{9A19103F-16F7-4668-BE54-9A1E7A4F7556}") = "ServerClientDemo.Shared", "BlazorApp4\Shared\ServerClientDemo.Shared.csproj", "{E06EE8B5-5252-42F9-B24B-4023FDC9E3E7}"
EndProject
Project("{2150E333-8FDC-42A3-9474-1A3956D46DE8}") = "LoginRequestDemo", "LoginRequestDemo", "{4D59EC91-C6EB-47E7-99A6-D4445488CE88}"
EndProject
Project("{9A19103F-16F7-4668-BE54-9A1E7A4F7556}") = "CoverboxApp.Login.Server", "CoverboxApp.Login\Server\CoverboxApp.Login.Server.csproj", "{39428B74-3AD5-4FDD-867B-3C6A4E9D6415}"
EndProject
Project("{9A19103F-16F7-4668-BE54-9A1E7A4F7556}") = "CoverboxApp.Login.Client", "CoverboxApp.Login\Client\CoverboxApp.Login.Client.csproj", "{42C8C84F-54E5-4ACA-A71B-FE4A65731605}"
EndProject
Project("{9A19103F-16F7-4668-BE54-9A1E7A4F7556}") = "CoverboxApp.Login.Shared", "CoverboxApp.Login\Shared\CoverboxApp.Login.Shared.csproj", "{DEA245F5-9D10-4682-BAE3-925CAD0216FC}"
EndProject
Project("{9A19103F-16F7-4668-BE54-9A1E7A4F7556}") = "CoverboxApp.Main", "CoverboxApp.Main\CoverboxApp.Main.csproj", "{F039B42F-916C-4D1C-8D89-2C3A194D9654}"
EndProject
Project("{FAE04EC0-301F-11D3-BF4B-00C04F79EFBC}") = "LoginRequestLibrary", "LoginRequestLibrary\LoginRequestLibrary.csproj", "{9F6A8DAC-3B18-4C6D-8034-57DB69CF6D34}"
EndProject
Global
	GlobalSection(SolutionConfigurationPlatforms) = preSolution
		Debug|Any CPU = Debug|Any CPU
		Release_Server|Any CPU = Release_Server|Any CPU
		Release|Any CPU = Release|Any CPU
	EndGlobalSection
	GlobalSection(ProjectConfigurationPlatforms) = postSolution
		{47D44D52-166D-4F08-867C-DA8F6923ECF3}.Debug|Any CPU.ActiveCfg = Debug|Any CPU
		{47D44D52-166D-4F08-867C-DA8F6923ECF3}.Debug|Any CPU.Build.0 = Debug|Any CPU
		{47D44D52-166D-4F08-867C-DA8F6923ECF3}.Release_Server|Any CPU.ActiveCfg = Release|Any CPU
		{47D44D52-166D-4F08-867C-DA8F6923ECF3}.Release_Server|Any CPU.Build.0 = Release|Any CPU
		{47D44D52-166D-4F08-867C-DA8F6923ECF3}.Release|Any CPU.ActiveCfg = Release|Any CPU
		{47D44D52-166D-4F08-867C-DA8F6923ECF3}.Release|Any CPU.Build.0 = Release|Any CPU
		{15C64DEE-F521-421B-9392-CAE139CC3731}.Debug|Any CPU.ActiveCfg = Debug|Any CPU
		{15C64DEE-F521-421B-9392-CAE139CC3731}.Debug|Any CPU.Build.0 = Debug|Any CPU
		{15C64DEE-F521-421B-9392-CAE139CC3731}.Release_Server|Any CPU.ActiveCfg = Release|Any CPU
		{15C64DEE-F521-421B-9392-CAE139CC3731}.Release_Server|Any CPU.Build.0 = Release|Any CPU
		{15C64DEE-F521-421B-9392-CAE139CC3731}.Release|Any CPU.ActiveCfg = Release|Any CPU
		{15C64DEE-F521-421B-9392-CAE139CC3731}.Release|Any CPU.Build.0 = Release|Any CPU
		{4C7820DB-2118-4317-9C0B-4C969955B7A1}.Debug|Any CPU.ActiveCfg = Debug|Any CPU
		{4C7820DB-2118-4317-9C0B-4C969955B7A1}.Debug|Any CPU.Build.0 = Debug|Any CPU
		{4C7820DB-2118-4317-9C0B-4C969955B7A1}.Release_Server|Any CPU.ActiveCfg = Release|Any CPU
		{4C7820DB-2118-4317-9C0B-4C969955B7A1}.Release_Server|Any CPU.Build.0 = Release|Any CPU
		{4C7820DB-2118-4317-9C0B-4C969955B7A1}.Release|Any CPU.ActiveCfg = Release|Any CPU
		{4C7820DB-2118-4317-9C0B-4C969955B7A1}.Release|Any CPU.Build.0 = Release|Any CPU
		{E26507D7-7F5B-4BA5-85A4-6260B84B56EE}.Debug|Any CPU.ActiveCfg = Debug|Any CPU
		{E26507D7-7F5B-4BA5-85A4-6260B84B56EE}.Debug|Any CPU.Build.0 = Debug|Any CPU
		{E26507D7-7F5B-4BA5-85A4-6260B84B56EE}.Release_Server|Any CPU.ActiveCfg = Release|Any CPU
		{E26507D7-7F5B-4BA5-85A4-6260B84B56EE}.Release_Server|Any CPU.Build.0 = Release|Any CPU
		{E26507D7-7F5B-4BA5-85A4-6260B84B56EE}.Release|Any CPU.ActiveCfg = Release|Any CPU
		{E26507D7-7F5B-4BA5-85A4-6260B84B56EE}.Release|Any CPU.Build.0 = Release|Any CPU
		{2A81FE53-3E84-4C70-9B37-EF747B5559C0}.Debug|Any CPU.ActiveCfg = Debug|Any CPU
		{2A81FE53-3E84-4C70-9B37-EF747B5559C0}.Debug|Any CPU.Build.0 = Debug|Any CPU
		{2A81FE53-3E84-4C70-9B37-EF747B5559C0}.Release_Server|Any CPU.ActiveCfg = Release|Any CPU
		{2A81FE53-3E84-4C70-9B37-EF747B5559C0}.Release_Server|Any CPU.Build.0 = Release|Any CPU
		{2A81FE53-3E84-4C70-9B37-EF747B5559C0}.Release|Any CPU.ActiveCfg = Release|Any CPU
		{2A81FE53-3E84-4C70-9B37-EF747B5559C0}.Release|Any CPU.Build.0 = Release|Any CPU
		{9C48D24A-D39E-4A3B-A07A-87EFB834D6EC}.Debug|Any CPU.ActiveCfg = Debug|Any CPU
		{9C48D24A-D39E-4A3B-A07A-87EFB834D6EC}.Debug|Any CPU.Build.0 = Debug|Any CPU
		{9C48D24A-D39E-4A3B-A07A-87EFB834D6EC}.Release_Server|Any CPU.ActiveCfg = Release|Any CPU
		{9C48D24A-D39E-4A3B-A07A-87EFB834D6EC}.Release_Server|Any CPU.Build.0 = Release|Any CPU
		{9C48D24A-D39E-4A3B-A07A-87EFB834D6EC}.Release|Any CPU.ActiveCfg = Release|Any CPU
		{9C48D24A-D39E-4A3B-A07A-87EFB834D6EC}.Release|Any CPU.Build.0 = Release|Any CPU
		{E06EE8B5-5252-42F9-B24B-4023FDC9E3E7}.Debug|Any CPU.ActiveCfg = Debug|Any CPU
		{E06EE8B5-5252-42F9-B24B-4023FDC9E3E7}.Debug|Any CPU.Build.0 = Debug|Any CPU
		{E06EE8B5-5252-42F9-B24B-4023FDC9E3E7}.Release_Server|Any CPU.ActiveCfg = Release|Any CPU
		{E06EE8B5-5252-42F9-B24B-4023FDC9E3E7}.Release_Server|Any CPU.Build.0 = Release|Any CPU
		{E06EE8B5-5252-42F9-B24B-4023FDC9E3E7}.Release|Any CPU.ActiveCfg = Release|Any CPU
		{E06EE8B5-5252-42F9-B24B-4023FDC9E3E7}.Release|Any CPU.Build.0 = Release|Any CPU
		{39428B74-3AD5-4FDD-867B-3C6A4E9D6415}.Debug|Any CPU.ActiveCfg = Debug|Any CPU
		{39428B74-3AD5-4FDD-867B-3C6A4E9D6415}.Debug|Any CPU.Build.0 = Debug|Any CPU
		{39428B74-3AD5-4FDD-867B-3C6A4E9D6415}.Release_Server|Any CPU.ActiveCfg = Release|Any CPU
		{39428B74-3AD5-4FDD-867B-3C6A4E9D6415}.Release_Server|Any CPU.Build.0 = Release|Any CPU
		{39428B74-3AD5-4FDD-867B-3C6A4E9D6415}.Release|Any CPU.ActiveCfg = Release|Any CPU
		{39428B74-3AD5-4FDD-867B-3C6A4E9D6415}.Release|Any CPU.Build.0 = Release|Any CPU
		{42C8C84F-54E5-4ACA-A71B-FE4A65731605}.Debug|Any CPU.ActiveCfg = Debug|Any CPU
		{42C8C84F-54E5-4ACA-A71B-FE4A65731605}.Debug|Any CPU.Build.0 = Debug|Any CPU
		{42C8C84F-54E5-4ACA-A71B-FE4A65731605}.Release_Server|Any CPU.ActiveCfg = Release|Any CPU
		{42C8C84F-54E5-4ACA-A71B-FE4A65731605}.Release_Server|Any CPU.Build.0 = Release|Any CPU
		{42C8C84F-54E5-4ACA-A71B-FE4A65731605}.Release|Any CPU.ActiveCfg = Release|Any CPU
		{42C8C84F-54E5-4ACA-A71B-FE4A65731605}.Release|Any CPU.Build.0 = Release|Any CPU
		{DEA245F5-9D10-4682-BAE3-925CAD0216FC}.Debug|Any CPU.ActiveCfg = Debug|Any CPU
		{DEA245F5-9D10-4682-BAE3-925CAD0216FC}.Debug|Any CPU.Build.0 = Debug|Any CPU
		{DEA245F5-9D10-4682-BAE3-925CAD0216FC}.Release_Server|Any CPU.ActiveCfg = Release|Any CPU
		{DEA245F5-9D10-4682-BAE3-925CAD0216FC}.Release_Server|Any CPU.Build.0 = Release|Any CPU
		{DEA245F5-9D10-4682-BAE3-925CAD0216FC}.Release|Any CPU.ActiveCfg = Release|Any CPU
		{DEA245F5-9D10-4682-BAE3-925CAD0216FC}.Release|Any CPU.Build.0 = Release|Any CPU
		{F039B42F-916C-4D1C-8D89-2C3A194D9654}.Debug|Any CPU.ActiveCfg = Debug|Any CPU
		{F039B42F-916C-4D1C-8D89-2C3A194D9654}.Debug|Any CPU.Build.0 = Debug|Any CPU
		{F039B42F-916C-4D1C-8D89-2C3A194D9654}.Release_Server|Any CPU.ActiveCfg = Release|Any CPU
		{F039B42F-916C-4D1C-8D89-2C3A194D9654}.Release_Server|Any CPU.Build.0 = Release|Any CPU
		{F039B42F-916C-4D1C-8D89-2C3A194D9654}.Release|Any CPU.ActiveCfg = Release|Any CPU
		{F039B42F-916C-4D1C-8D89-2C3A194D9654}.Release|Any CPU.Build.0 = Release|Any CPU
		{9F6A8DAC-3B18-4C6D-8034-57DB69CF6D34}.Debug|Any CPU.ActiveCfg = Debug|Any CPU
		{9F6A8DAC-3B18-4C6D-8034-57DB69CF6D34}.Debug|Any CPU.Build.0 = Debug|Any CPU
		{9F6A8DAC-3B18-4C6D-8034-57DB69CF6D34}.Release_Server|Any CPU.ActiveCfg = Release|Any CPU
		{9F6A8DAC-3B18-4C6D-8034-57DB69CF6D34}.Release_Server|Any CPU.Build.0 = Release|Any CPU
		{9F6A8DAC-3B18-4C6D-8034-57DB69CF6D34}.Release|Any CPU.ActiveCfg = Release|Any CPU
		{9F6A8DAC-3B18-4C6D-8034-57DB69CF6D34}.Release|Any CPU.Build.0 = Release|Any CPU
	EndGlobalSection
	GlobalSection(SolutionProperties) = preSolution
		HideSolutionNode = FALSE
	EndGlobalSection
	GlobalSection(NestedProjects) = preSolution
		{15C64DEE-F521-421B-9392-CAE139CC3731} = {7A8108AE-9E6B-4A75-BA05-713ED6E6240C}
		{2A81FE53-3E84-4C70-9B37-EF747B5559C0} = {B5CFB5FE-E485-49DB-9D85-78843FB0762A}
		{9C48D24A-D39E-4A3B-A07A-87EFB834D6EC} = {B5CFB5FE-E485-49DB-9D85-78843FB0762A}
		{E06EE8B5-5252-42F9-B24B-4023FDC9E3E7} = {B5CFB5FE-E485-49DB-9D85-78843FB0762A}
		{39428B74-3AD5-4FDD-867B-3C6A4E9D6415} = {4D59EC91-C6EB-47E7-99A6-D4445488CE88}
		{42C8C84F-54E5-4ACA-A71B-FE4A65731605} = {4D59EC91-C6EB-47E7-99A6-D4445488CE88}
		{DEA245F5-9D10-4682-BAE3-925CAD0216FC} = {4D59EC91-C6EB-47E7-99A6-D4445488CE88}
		{F039B42F-916C-4D1C-8D89-2C3A194D9654} = {4D59EC91-C6EB-47E7-99A6-D4445488CE88}
	EndGlobalSection
	GlobalSection(ExtensibilityGlobals) = postSolution
		SolutionGuid = {4F149D60-85D2-4D27-A307-7201B420B208}
	EndGlobalSection
EndGlobal
