
Microsoft Visual Studio Solution File, Format Version 12.00
# Visual Studio Version 17
VisualStudioVersion = 17.4.32804.182
MinimumVisualStudioVersion = 10.0.40219.1
Project("{9A19103F-16F7-4668-BE54-9A1E7A4F7556}") = "ServerAppTest", "ServerAppTest\ServerAppTest.csproj", "{15C64DEE-F521-421B-9392-CAE139CC3731}"
EndProject
Project("{9A19103F-16F7-4668-BE54-9A1E7A4F7556}") = "CloudLogin.Server", "CloudLogin.Server\CloudLogin.Server.csproj", "{4C7820DB-2118-4317-9C0B-4C969955B7A1}"
EndProject
Project("{2150E333-8FDC-42A3-9474-1A3956D46DE8}") = "Server Demo", "Server Demo", "{7A8108AE-9E6B-4A75-BA05-713ED6E6240C}"
EndProject
Project("{2150E333-8FDC-42A3-9474-1A3956D46DE8}") = "Server Client Demo", "Server Client Demo", "{B5CFB5FE-E485-49DB-9D85-78843FB0762A}"
EndProject
Project("{2150E333-8FDC-42A3-9474-1A3956D46DE8}") = "Demos", "Demos", "{4D59EC91-C6EB-47E7-99A6-D4445488CE88}"
EndProject
Project("{2150E333-8FDC-42A3-9474-1A3956D46DE8}") = "Shared Login", "Shared Login", "{2FCCF6F3-5430-4B15-884F-F8DAE6C07C16}"
EndProject
Project("{9A19103F-16F7-4668-BE54-9A1E7A4F7556}") = "SharedLogin.WebAssembly", "SharedLogin.WebAssembly\SharedLogin.WebAssembly.csproj", "{893CDE09-BF78-4370-BC08-FA4F714EC29E}"
EndProject
Project("{9A19103F-16F7-4668-BE54-9A1E7A4F7556}") = "SharedLogin.BlazorServer", "SharedLogin.BlazorServer\SharedLogin.BlazorServer.csproj", "{8F7327BE-A995-415C-860E-3437918926A2}"
EndProject
Project("{9A19103F-16F7-4668-BE54-9A1E7A4F7556}") = "SharedLogin.Website", "SharedLogin.Website\SharedLogin.Website.csproj", "{19D3C90A-D8EF-40A9-9F21-2022C2B47005}"
EndProject
Project("{9A19103F-16F7-4668-BE54-9A1E7A4F7556}") = "CloudLogin.Models", "CloudLogin.Models\CloudLogin.Models.csproj", "{7D15B4CC-065C-42E3-9279-15003ADFB2C1}"
EndProject
Project("{9A19103F-16F7-4668-BE54-9A1E7A4F7556}") = "CloudLogin.MVC", "CloudLogin.MVC\CloudLogin.MVC.csproj", "{296A98B3-B131-4610-A895-2C9991D3B0DE}"
EndProject
Project("{9A19103F-16F7-4668-BE54-9A1E7A4F7556}") = "CloudLogin.Components", "CloudLogin.Components\CloudLogin.Components.csproj", "{4B3C5EB9-041A-48D7-AA19-845F37FCBC50}"
EndProject
Project("{9A19103F-16F7-4668-BE54-9A1E7A4F7556}") = "CloudLogin", "CloudLogin\CloudLogin.csproj", "{DF322387-3D0C-449D-AC3F-590749FB4518}"
EndProject
Project("{2150E333-8FDC-42A3-9474-1A3956D46DE8}") = "Share Login WebAssembly", "Share Login WebAssembly", "{6272CC92-90A8-49FD-94A3-C4B680A67770}"
EndProject
Project("{9A19103F-16F7-4668-BE54-9A1E7A4F7556}") = "SharedLogin.Server", "SharedLogin\Server\SharedLogin.Server.csproj", "{4E94C251-C7E6-4AD4-B0B2-A493FAA543E9}"
EndProject
Project("{9A19103F-16F7-4668-BE54-9A1E7A4F7556}") = "SharedLogin.Client", "SharedLogin\Client\SharedLogin.Client.csproj", "{A0532010-BAD6-444A-9E63-E5A0205BE57D}"
EndProject
Project("{2150E333-8FDC-42A3-9474-1A3956D46DE8}") = "Maui Mobile Demo", "Maui Mobile Demo", "{6CECAD6D-1E13-4545-BBC7-FF6FFC094BA9}"
EndProject
Project("{9A19103F-16F7-4668-BE54-9A1E7A4F7556}") = "MauiMobileDemo", "MauiMobileDemo\MauiMobileDemo.csproj", "{73914F63-EB0A-462B-B95A-8BB6FCC7D90C}"
EndProject
Project("{2150E333-8FDC-42A3-9474-1A3956D46DE8}") = "MainNewSharedLogin", "MainNewSharedLogin", "{E4BF81A4-7079-4894-B91D-815C8CEEA0BA}"
EndProject
Project("{9A19103F-16F7-4668-BE54-9A1E7A4F7556}") = "SharedLoginNew", "SharedLoginNew\SharedLoginNew\SharedLoginNew.csproj", "{C304F6A8-99A1-4909-B44D-E362230527D6}"
EndProject
Project("{2150E333-8FDC-42A3-9474-1A3956D46DE8}") = "Standalone Demo", "Standalone Demo", "{52C89DBF-739B-40A8-84EF-3E7FA95EA63A}"
EndProject
Project("{9A19103F-16F7-4668-BE54-9A1E7A4F7556}") = "StandaloneDemo", "StandaloneDemo\StandaloneDemo\StandaloneDemo.csproj", "{037B5B02-A505-4154-84AC-A7D37B2C3A0F}"
EndProject
Project("{9A19103F-16F7-4668-BE54-9A1E7A4F7556}") = "StandaloneDemo.Client", "StandaloneDemo\StandaloneDemo.Client\StandaloneDemo.Client.csproj", "{05019AB5-0ADD-4330-8679-E9E0CB6CCAB5}"
EndProject
Global
	GlobalSection(SolutionConfigurationPlatforms) = preSolution
		Debug|Any CPU = Debug|Any CPU
		Release_Server|Any CPU = Release_Server|Any CPU
		Release|Any CPU = Release|Any CPU
	EndGlobalSection
	GlobalSection(ProjectConfigurationPlatforms) = postSolution
		{15C64DEE-F521-421B-9392-CAE139CC3731}.Debug|Any CPU.ActiveCfg = Debug|Any CPU
		{15C64DEE-F521-421B-9392-CAE139CC3731}.Debug|Any CPU.Build.0 = Debug|Any CPU
		{15C64DEE-F521-421B-9392-CAE139CC3731}.Release_Server|Any CPU.ActiveCfg = Release|Any CPU
		{15C64DEE-F521-421B-9392-CAE139CC3731}.Release_Server|Any CPU.Build.0 = Release|Any CPU
		{15C64DEE-F521-421B-9392-CAE139CC3731}.Release|Any CPU.ActiveCfg = Release|Any CPU
		{15C64DEE-F521-421B-9392-CAE139CC3731}.Release|Any CPU.Build.0 = Release|Any CPU
		{4C7820DB-2118-4317-9C0B-4C969955B7A1}.Debug|Any CPU.ActiveCfg = Debug|Any CPU
		{4C7820DB-2118-4317-9C0B-4C969955B7A1}.Debug|Any CPU.Build.0 = Debug|Any CPU
		{4C7820DB-2118-4317-9C0B-4C969955B7A1}.Release_Server|Any CPU.ActiveCfg = Release|Any CPU
		{4C7820DB-2118-4317-9C0B-4C969955B7A1}.Release_Server|Any CPU.Build.0 = Release|Any CPU
		{4C7820DB-2118-4317-9C0B-4C969955B7A1}.Release|Any CPU.ActiveCfg = Release|Any CPU
		{4C7820DB-2118-4317-9C0B-4C969955B7A1}.Release|Any CPU.Build.0 = Release|Any CPU
		{893CDE09-BF78-4370-BC08-FA4F714EC29E}.Debug|Any CPU.ActiveCfg = Debug|Any CPU
		{893CDE09-BF78-4370-BC08-FA4F714EC29E}.Debug|Any CPU.Build.0 = Debug|Any CPU
		{893CDE09-BF78-4370-BC08-FA4F714EC29E}.Release_Server|Any CPU.ActiveCfg = Release|Any CPU
		{893CDE09-BF78-4370-BC08-FA4F714EC29E}.Release_Server|Any CPU.Build.0 = Release|Any CPU
		{893CDE09-BF78-4370-BC08-FA4F714EC29E}.Release|Any CPU.ActiveCfg = Release|Any CPU
		{893CDE09-BF78-4370-BC08-FA4F714EC29E}.Release|Any CPU.Build.0 = Release|Any CPU
		{8F7327BE-A995-415C-860E-3437918926A2}.Debug|Any CPU.ActiveCfg = Debug|Any CPU
		{8F7327BE-A995-415C-860E-3437918926A2}.Debug|Any CPU.Build.0 = Debug|Any CPU
		{8F7327BE-A995-415C-860E-3437918926A2}.Release_Server|Any CPU.ActiveCfg = Release|Any CPU
		{8F7327BE-A995-415C-860E-3437918926A2}.Release_Server|Any CPU.Build.0 = Release|Any CPU
		{8F7327BE-A995-415C-860E-3437918926A2}.Release|Any CPU.ActiveCfg = Release|Any CPU
		{8F7327BE-A995-415C-860E-3437918926A2}.Release|Any CPU.Build.0 = Release|Any CPU
		{19D3C90A-D8EF-40A9-9F21-2022C2B47005}.Debug|Any CPU.ActiveCfg = Debug|Any CPU
		{19D3C90A-D8EF-40A9-9F21-2022C2B47005}.Debug|Any CPU.Build.0 = Debug|Any CPU
		{19D3C90A-D8EF-40A9-9F21-2022C2B47005}.Release_Server|Any CPU.ActiveCfg = Release|Any CPU
		{19D3C90A-D8EF-40A9-9F21-2022C2B47005}.Release_Server|Any CPU.Build.0 = Release|Any CPU
		{19D3C90A-D8EF-40A9-9F21-2022C2B47005}.Release|Any CPU.ActiveCfg = Release|Any CPU
		{19D3C90A-D8EF-40A9-9F21-2022C2B47005}.Release|Any CPU.Build.0 = Release|Any CPU
		{7D15B4CC-065C-42E3-9279-15003ADFB2C1}.Debug|Any CPU.ActiveCfg = Debug|Any CPU
		{7D15B4CC-065C-42E3-9279-15003ADFB2C1}.Debug|Any CPU.Build.0 = Debug|Any CPU
		{7D15B4CC-065C-42E3-9279-15003ADFB2C1}.Release_Server|Any CPU.ActiveCfg = Release|Any CPU
		{7D15B4CC-065C-42E3-9279-15003ADFB2C1}.Release_Server|Any CPU.Build.0 = Release|Any CPU
		{7D15B4CC-065C-42E3-9279-15003ADFB2C1}.Release|Any CPU.ActiveCfg = Release|Any CPU
		{7D15B4CC-065C-42E3-9279-15003ADFB2C1}.Release|Any CPU.Build.0 = Release|Any CPU
		{296A98B3-B131-4610-A895-2C9991D3B0DE}.Debug|Any CPU.ActiveCfg = Debug|Any CPU
		{296A98B3-B131-4610-A895-2C9991D3B0DE}.Debug|Any CPU.Build.0 = Debug|Any CPU
		{296A98B3-B131-4610-A895-2C9991D3B0DE}.Release_Server|Any CPU.ActiveCfg = Release|Any CPU
		{296A98B3-B131-4610-A895-2C9991D3B0DE}.Release_Server|Any CPU.Build.0 = Release|Any CPU
		{296A98B3-B131-4610-A895-2C9991D3B0DE}.Release|Any CPU.ActiveCfg = Release|Any CPU
		{296A98B3-B131-4610-A895-2C9991D3B0DE}.Release|Any CPU.Build.0 = Release|Any CPU
		{4B3C5EB9-041A-48D7-AA19-845F37FCBC50}.Debug|Any CPU.ActiveCfg = Debug|Any CPU
		{4B3C5EB9-041A-48D7-AA19-845F37FCBC50}.Debug|Any CPU.Build.0 = Debug|Any CPU
		{4B3C5EB9-041A-48D7-AA19-845F37FCBC50}.Release_Server|Any CPU.ActiveCfg = Release|Any CPU
		{4B3C5EB9-041A-48D7-AA19-845F37FCBC50}.Release_Server|Any CPU.Build.0 = Release|Any CPU
		{4B3C5EB9-041A-48D7-AA19-845F37FCBC50}.Release|Any CPU.ActiveCfg = Release|Any CPU
		{4B3C5EB9-041A-48D7-AA19-845F37FCBC50}.Release|Any CPU.Build.0 = Release|Any CPU
		{DF322387-3D0C-449D-AC3F-590749FB4518}.Debug|Any CPU.ActiveCfg = Debug|Any CPU
		{DF322387-3D0C-449D-AC3F-590749FB4518}.Debug|Any CPU.Build.0 = Debug|Any CPU
		{DF322387-3D0C-449D-AC3F-590749FB4518}.Release_Server|Any CPU.ActiveCfg = Release|Any CPU
		{DF322387-3D0C-449D-AC3F-590749FB4518}.Release_Server|Any CPU.Build.0 = Release|Any CPU
		{DF322387-3D0C-449D-AC3F-590749FB4518}.Release|Any CPU.ActiveCfg = Release|Any CPU
		{DF322387-3D0C-449D-AC3F-590749FB4518}.Release|Any CPU.Build.0 = Release|Any CPU
		{4E94C251-C7E6-4AD4-B0B2-A493FAA543E9}.Debug|Any CPU.ActiveCfg = Debug|Any CPU
		{4E94C251-C7E6-4AD4-B0B2-A493FAA543E9}.Debug|Any CPU.Build.0 = Debug|Any CPU
		{4E94C251-C7E6-4AD4-B0B2-A493FAA543E9}.Release_Server|Any CPU.ActiveCfg = Release|Any CPU
		{4E94C251-C7E6-4AD4-B0B2-A493FAA543E9}.Release_Server|Any CPU.Build.0 = Release|Any CPU
		{4E94C251-C7E6-4AD4-B0B2-A493FAA543E9}.Release|Any CPU.ActiveCfg = Release|Any CPU
		{4E94C251-C7E6-4AD4-B0B2-A493FAA543E9}.Release|Any CPU.Build.0 = Release|Any CPU
		{A0532010-BAD6-444A-9E63-E5A0205BE57D}.Debug|Any CPU.ActiveCfg = Debug|Any CPU
		{A0532010-BAD6-444A-9E63-E5A0205BE57D}.Debug|Any CPU.Build.0 = Debug|Any CPU
		{A0532010-BAD6-444A-9E63-E5A0205BE57D}.Release_Server|Any CPU.ActiveCfg = Release|Any CPU
		{A0532010-BAD6-444A-9E63-E5A0205BE57D}.Release_Server|Any CPU.Build.0 = Release|Any CPU
		{A0532010-BAD6-444A-9E63-E5A0205BE57D}.Release|Any CPU.ActiveCfg = Release|Any CPU
		{A0532010-BAD6-444A-9E63-E5A0205BE57D}.Release|Any CPU.Build.0 = Release|Any CPU
		{73914F63-EB0A-462B-B95A-8BB6FCC7D90C}.Debug|Any CPU.ActiveCfg = Debug|Any CPU
		{73914F63-EB0A-462B-B95A-8BB6FCC7D90C}.Debug|Any CPU.Build.0 = Debug|Any CPU
		{73914F63-EB0A-462B-B95A-8BB6FCC7D90C}.Debug|Any CPU.Deploy.0 = Debug|Any CPU
		{73914F63-EB0A-462B-B95A-8BB6FCC7D90C}.Release_Server|Any CPU.ActiveCfg = Release|Any CPU
		{73914F63-EB0A-462B-B95A-8BB6FCC7D90C}.Release_Server|Any CPU.Build.0 = Release|Any CPU
		{73914F63-EB0A-462B-B95A-8BB6FCC7D90C}.Release_Server|Any CPU.Deploy.0 = Release|Any CPU
		{73914F63-EB0A-462B-B95A-8BB6FCC7D90C}.Release|Any CPU.ActiveCfg = Release|Any CPU
		{73914F63-EB0A-462B-B95A-8BB6FCC7D90C}.Release|Any CPU.Build.0 = Release|Any CPU
		{73914F63-EB0A-462B-B95A-8BB6FCC7D90C}.Release|Any CPU.Deploy.0 = Release|Any CPU
		{C304F6A8-99A1-4909-B44D-E362230527D6}.Debug|Any CPU.ActiveCfg = Debug|Any CPU
		{C304F6A8-99A1-4909-B44D-E362230527D6}.Debug|Any CPU.Build.0 = Debug|Any CPU
		{C304F6A8-99A1-4909-B44D-E362230527D6}.Release_Server|Any CPU.ActiveCfg = Release|Any CPU
		{C304F6A8-99A1-4909-B44D-E362230527D6}.Release_Server|Any CPU.Build.0 = Release|Any CPU
		{C304F6A8-99A1-4909-B44D-E362230527D6}.Release|Any CPU.ActiveCfg = Release|Any CPU
		{C304F6A8-99A1-4909-B44D-E362230527D6}.Release|Any CPU.Build.0 = Release|Any CPU
		{037B5B02-A505-4154-84AC-A7D37B2C3A0F}.Debug|Any CPU.ActiveCfg = Debug|Any CPU
		{037B5B02-A505-4154-84AC-A7D37B2C3A0F}.Debug|Any CPU.Build.0 = Debug|Any CPU
		{037B5B02-A505-4154-84AC-A7D37B2C3A0F}.Release_Server|Any CPU.ActiveCfg = Release|Any CPU
		{037B5B02-A505-4154-84AC-A7D37B2C3A0F}.Release_Server|Any CPU.Build.0 = Release|Any CPU
		{037B5B02-A505-4154-84AC-A7D37B2C3A0F}.Release|Any CPU.ActiveCfg = Release|Any CPU
		{037B5B02-A505-4154-84AC-A7D37B2C3A0F}.Release|Any CPU.Build.0 = Release|Any CPU
		{05019AB5-0ADD-4330-8679-E9E0CB6CCAB5}.Debug|Any CPU.ActiveCfg = Debug|Any CPU
		{05019AB5-0ADD-4330-8679-E9E0CB6CCAB5}.Debug|Any CPU.Build.0 = Debug|Any CPU
		{05019AB5-0ADD-4330-8679-E9E0CB6CCAB5}.Release_Server|Any CPU.ActiveCfg = Release|Any CPU
		{05019AB5-0ADD-4330-8679-E9E0CB6CCAB5}.Release_Server|Any CPU.Build.0 = Release|Any CPU
		{05019AB5-0ADD-4330-8679-E9E0CB6CCAB5}.Release|Any CPU.ActiveCfg = Release|Any CPU
		{05019AB5-0ADD-4330-8679-E9E0CB6CCAB5}.Release|Any CPU.Build.0 = Release|Any CPU
	EndGlobalSection
	GlobalSection(SolutionProperties) = preSolution
		HideSolutionNode = FALSE
	EndGlobalSection
	GlobalSection(NestedProjects) = preSolution
		{15C64DEE-F521-421B-9392-CAE139CC3731} = {7A8108AE-9E6B-4A75-BA05-713ED6E6240C}
		{7A8108AE-9E6B-4A75-BA05-713ED6E6240C} = {4D59EC91-C6EB-47E7-99A6-D4445488CE88}
		{B5CFB5FE-E485-49DB-9D85-78843FB0762A} = {4D59EC91-C6EB-47E7-99A6-D4445488CE88}
		{2FCCF6F3-5430-4B15-884F-F8DAE6C07C16} = {4D59EC91-C6EB-47E7-99A6-D4445488CE88}
		{893CDE09-BF78-4370-BC08-FA4F714EC29E} = {4D59EC91-C6EB-47E7-99A6-D4445488CE88}
		{8F7327BE-A995-415C-860E-3437918926A2} = {4D59EC91-C6EB-47E7-99A6-D4445488CE88}
		{19D3C90A-D8EF-40A9-9F21-2022C2B47005} = {2FCCF6F3-5430-4B15-884F-F8DAE6C07C16}
		{6272CC92-90A8-49FD-94A3-C4B680A67770} = {4D59EC91-C6EB-47E7-99A6-D4445488CE88}
		{4E94C251-C7E6-4AD4-B0B2-A493FAA543E9} = {6272CC92-90A8-49FD-94A3-C4B680A67770}
		{A0532010-BAD6-444A-9E63-E5A0205BE57D} = {6272CC92-90A8-49FD-94A3-C4B680A67770}
		{6CECAD6D-1E13-4545-BBC7-FF6FFC094BA9} = {4D59EC91-C6EB-47E7-99A6-D4445488CE88}
		{73914F63-EB0A-462B-B95A-8BB6FCC7D90C} = {6CECAD6D-1E13-4545-BBC7-FF6FFC094BA9}
		{E4BF81A4-7079-4894-B91D-815C8CEEA0BA} = {4D59EC91-C6EB-47E7-99A6-D4445488CE88}
		{C304F6A8-99A1-4909-B44D-E362230527D6} = {E4BF81A4-7079-4894-B91D-815C8CEEA0BA}
		{52C89DBF-739B-40A8-84EF-3E7FA95EA63A} = {4D59EC91-C6EB-47E7-99A6-D4445488CE88}
		{037B5B02-A505-4154-84AC-A7D37B2C3A0F} = {52C89DBF-739B-40A8-84EF-3E7FA95EA63A}
		{05019AB5-0ADD-4330-8679-E9E0CB6CCAB5} = {52C89DBF-739B-40A8-84EF-3E7FA95EA63A}
	EndGlobalSection
	GlobalSection(ExtensibilityGlobals) = postSolution
		SolutionGuid = {4F149D60-85D2-4D27-A307-7201B420B208}
	EndGlobalSection
EndGlobal
